
Microsoft Visual Studio Solution File, Format Version 12.00
# Visual Studio Version 17
VisualStudioVersion = 17.7.34031.279
MinimumVisualStudioVersion = 10.0.40219.1
Project("{FAE04EC0-301F-11D3-BF4B-00C04F79EFBC}") = "diziOrnek220", "diziOrnek220.csproj", "{791AFC3D-6EDF-44C0-BB25-BAFCCD821F22}"
EndProject
Global
	GlobalSection(SolutionConfigurationPlatforms) = preSolution
		Debug|Any CPU = Debug|Any CPU
		Release|Any CPU = Release|Any CPU
	EndGlobalSection
	GlobalSection(ProjectConfigurationPlatforms) = postSolution
		{791AFC3D-6EDF-44C0-BB25-BAFCCD821F22}.Debug|Any CPU.ActiveCfg = Debug|Any CPU
		{791AFC3D-6EDF-44C0-BB25-BAFCCD821F22}.Debug|Any CPU.Build.0 = Debug|Any CPU
		{791AFC3D-6EDF-44C0-BB25-BAFCCD821F22}.Release|Any CPU.ActiveCfg = Release|Any CPU
		{791AFC3D-6EDF-44C0-BB25-BAFCCD821F22}.Release|Any CPU.Build.0 = Release|Any CPU
	EndGlobalSection
	GlobalSection(SolutionProperties) = preSolution
		HideSolutionNode = FALSE
	EndGlobalSection
	GlobalSection(ExtensibilityGlobals) = postSolution
		SolutionGuid = {D54E068B-FFF8-4EE2-81DB-E34FECB1C0DC}
	EndGlobalSection
EndGlobal
